{
  "name": "assets",
  "lockfileVersion": 3,
  "requires": true,
  "packages": {
    "": {
      "devDependencies": {
        "@types/phoenix": "^1.5.4",
        "@types/phoenix_live_view": "^0.15.1",
        "topbar": "^1.0.1"
      }
    },
    "node_modules/@types/phoenix": {
      "version": "1.5.4",
      "resolved": "https://registry.npmjs.org/@types/phoenix/-/phoenix-1.5.4.tgz",
      "integrity": "sha512-L5eZmzw89eXBKkiqVBcJfU1QGx9y+wurRIEgt0cuLH0hwNtVUxtx+6cu0R2STwWj468sjXyBYPYDtGclUd1kjQ==",
      "dev": true
    },
    "node_modules/@types/phoenix_live_view": {
      "version": "0.15.1",
      "resolved": "https://registry.npmjs.org/@types/phoenix_live_view/-/phoenix_live_view-0.15.1.tgz",
      "integrity": "sha512-dWKwJ9xqCHW+3TVfCIVC6/6ZMpURlDcu9qakWL89H5iWoSXs5X7gaKKnPXc7a1IKULieZjHBVkCW0Ui9aRf3Bg==",
      "dev": true,
      "dependencies": {
        "@types/phoenix": "*"
      }
    },
    "node_modules/topbar": {
      "version": "1.0.1",
      "resolved": "https://registry.npmjs.org/topbar/-/topbar-1.0.1.tgz",
      "integrity": "sha512-HZqQSMBiG29vcjOrqKCM9iGY/h69G5gQH7ae83ZCPz5uPmbQKwK0sMEqzVDBiu64tWHJ+kk9NApECrF+FAAvRA==",
      "dev": true
    }
  }
}
